
Microsoft Visual Studio Solution File, Format Version 12.00
# Visual Studio Version 16
VisualStudioVersion = 16.0.31624.102
MinimumVisualStudioVersion = 10.0.40219.1
Project("{FAE04EC0-301F-11D3-BF4B-00C04F79EFBC}") = "AgientPriceProperty", "AgientPriceProperty\AgientPriceProperty.csproj", "{A006308B-370B-40DD-B6A1-67DF9CAA55ED}"
EndProject
Global
	GlobalSection(SolutionConfigurationPlatforms) = preSolution
		Debug|Any CPU = Debug|Any CPU
		Release|Any CPU = Release|Any CPU
	EndGlobalSection
	GlobalSection(ProjectConfigurationPlatforms) = postSolution
		{A006308B-370B-40DD-B6A1-67DF9CAA55ED}.Debug|Any CPU.ActiveCfg = Debug|Any CPU
		{A006308B-370B-40DD-B6A1-67DF9CAA55ED}.Debug|Any CPU.Build.0 = Debug|Any CPU
		{A006308B-370B-40DD-B6A1-67DF9CAA55ED}.Release|Any CPU.ActiveCfg = Release|Any CPU
		{A006308B-370B-40DD-B6A1-67DF9CAA55ED}.Release|Any CPU.Build.0 = Release|Any CPU
	EndGlobalSection
	GlobalSection(SolutionProperties) = preSolution
		HideSolutionNode = FALSE
	EndGlobalSection
	GlobalSection(ExtensibilityGlobals) = postSolution
		SolutionGuid = {36695B73-E1BB-4C1A-BD93-E47378C12BEE}
	EndGlobalSection
EndGlobal
